Microsoft Visual Studio Solution File, Format Version 12.00
# Visual Studio Version 17
VisualStudioVersion = 17.5.2.0
MinimumVisualStudioVersion = 10.0.40219.1
Project("{FAE04EC0-301F-11D3-BF4B-00C04F79EFBC}") = "OpenEngine2Android", "OpenEngine2Android.csproj", "{FCDC30E9-ADB0-663C-E000-C24D878EBB6E}"
EndProject
Global
	GlobalSection(SolutionConfigurationPlatforms) = preSolution
		Debug|Any CPU = Debug|Any CPU
		Release|Any CPU = Release|Any CPU
	EndGlobalSection
	GlobalSection(ProjectConfigurationPlatforms) = postSolution
		{FCDC30E9-ADB0-663C-E000-C24D878EBB6E}.Debug|Any CPU.ActiveCfg = Debug|Any CPU
		{FCDC30E9-ADB0-663C-E000-C24D878EBB6E}.Debug|Any CPU.Build.0 = Debug|Any CPU
		{FCDC30E9-ADB0-663C-E000-C24D878EBB6E}.Release|Any CPU.ActiveCfg = Release|Any CPU
		{FCDC30E9-ADB0-663C-E000-C24D878EBB6E}.Release|Any CPU.Build.0 = Release|Any CPU
	EndGlobalSection
	GlobalSection(SolutionProperties) = preSolution
		HideSolutionNode = FALSE
	EndGlobalSection
	GlobalSection(ExtensibilityGlobals) = postSolution
		SolutionGuid = {691FC998-300A-43BB-8C4B-3DDE3D00134F}
	EndGlobalSection
EndGlobal
